
Microsoft Visual Studio Solution File, Format Version 12.00
# Visual Studio 15
VisualStudioVersion = 15.0.28307.1000
MinimumVisualStudioVersion = 10.0.40219.1
Project("{FAE04EC0-301F-11D3-BF4B-00C04F79EFBC}") = "Lineal", "Lineal\Lineal.csproj", "{FD134317-F041-441D-9299-2622DC29DF55}"
EndProject
Global
	GlobalSection(SolutionConfigurationPlatforms) = preSolution
		Debug|Any CPU = Debug|Any CPU
		Release|Any CPU = Release|Any CPU
	EndGlobalSection
	GlobalSection(ProjectConfigurationPlatforms) = postSolution
		{FD134317-F041-441D-9299-2622DC29DF55}.Debug|Any CPU.ActiveCfg = Debug|Any CPU
		{FD134317-F041-441D-9299-2622DC29DF55}.Debug|Any CPU.Build.0 = Debug|Any CPU
		{FD134317-F041-441D-9299-2622DC29DF55}.Release|Any CPU.ActiveCfg = Release|Any CPU
		{FD134317-F041-441D-9299-2622DC29DF55}.Release|Any CPU.Build.0 = Release|Any CPU
	EndGlobalSection
	GlobalSection(SolutionProperties) = preSolution
		HideSolutionNode = FALSE
	EndGlobalSection
	GlobalSection(ExtensibilityGlobals) = postSolution
		SolutionGuid = {F76C0F13-D9D9-49C1-AE9E-762588D91D03}
	EndGlobalSection
EndGlobal
